// !$*UTF8*$!
{
	archiveVersion = 1;
	classes = {
	};
	objectVersion = 51;
	objects = {

/* Begin PBXBuildFile section */
		12876C5EC898182EDBFB140C /* Pods_FunWithRxSwift.framework in Frameworks */ = {isa = PBXBuildFile; fileRef = 39E8E9FD8434DCA15388CC49 /* Pods_FunWithRxSwift.framework */; };
		271648DD23DD98AE003D89EC /* Gender.swift in Sources */ = {isa = PBXBuildFile; fileRef = 271648DC23DD98AE003D89EC /* Gender.swift */; };
		27343183235341A300C8C416 /* ErrorTracker.swift in Sources */ = {isa = PBXBuildFile; fileRef = 2734317F235341A200C8C416 /* ErrorTracker.swift */; };
		27343184235341A300C8C416 /* ActivityIndicator.swift in Sources */ = {isa = PBXBuildFile; fileRef = 27343180235341A200C8C416 /* ActivityIndicator.swift */; };
		27343185235341A300C8C416 /* Observable+SystemExtensions.swift in Sources */ = {isa = PBXBuildFile; fileRef = 27343181235341A200C8C416 /* Observable+SystemExtensions.swift */; };
		27343186235341A300C8C416 /* Feedbacks.swift in Sources */ = {isa = PBXBuildFile; fileRef = 27343182235341A200C8C416 /* Feedbacks.swift */; };
		274FACB523028ECA0081D97D /* ActivityIdicatorTests.swift in Sources */ = {isa = PBXBuildFile; fileRef = 274FACB423028ECA0081D97D /* ActivityIdicatorTests.swift */; };
		274FACB723028ED50081D97D /* ErrorTrackerTests.swift in Sources */ = {isa = PBXBuildFile; fileRef = 274FACB623028ED50081D97D /* ErrorTrackerTests.swift */; };
		275E5DCC22F56A8F005EF354 /* LoopTests.swift in Sources */ = {isa = PBXBuildFile; fileRef = 275E5DCB22F56A8F005EF354 /* LoopTests.swift */; };
		2769418C22F043ED00627BCB /* DebounceTests.swift in Sources */ = {isa = PBXBuildFile; fileRef = 2769418B22F043ED00627BCB /* DebounceTests.swift */; };
		276A7C3123905B9E00B0A2C8 /* ignore.swift in Sources */ = {isa = PBXBuildFile; fileRef = 276A7C3023905B9E00B0A2C8 /* ignore.swift */; };
		276A7C3323905BBD00B0A2C8 /* constant.swift in Sources */ = {isa = PBXBuildFile; fileRef = 276A7C3223905BBD00B0A2C8 /* constant.swift */; };
		276A7C3523905C1E00B0A2C8 /* FunctionalTests.swift in Sources */ = {isa = PBXBuildFile; fileRef = 276A7C3423905C1E00B0A2C8 /* FunctionalTests.swift */; };
		276A7C3723905D5C00B0A2C8 /* identity.swift in Sources */ = {isa = PBXBuildFile; fileRef = 276A7C3623905D5C00B0A2C8 /* identity.swift */; };
		276A7C392390652E00B0A2C8 /* with.swift in Sources */ = {isa = PBXBuildFile; fileRef = 276A7C382390652E00B0A2C8 /* with.swift */; };
		2796B7C5238BB46E00794ED6 /* ValidatedResult.swift in Sources */ = {isa = PBXBuildFile; fileRef = 2796B7C4238BB46E00794ED6 /* ValidatedResult.swift */; };
		2796B7C7238BB4DE00794ED6 /* Result+Extensions.swift in Sources */ = {isa = PBXBuildFile; fileRef = 2796B7C6238BB4DE00794ED6 /* Result+Extensions.swift */; };
		2796B7CC238BB8DE00794ED6 /* PersonListViewModel.swift in Sources */ = {isa = PBXBuildFile; fileRef = 2796B7CB238BB8DE00794ED6 /* PersonListViewModel.swift */; };
		2796B7D0238BB94C00794ED6 /* PersonListObservable.swift in Sources */ = {isa = PBXBuildFile; fileRef = 2796B7CF238BB94C00794ED6 /* PersonListObservable.swift */; };
		2796B7D4238BBE9900794ED6 /* ResultStateObservable.swift in Sources */ = {isa = PBXBuildFile; fileRef = 2796B7D3238BBE9900794ED6 /* ResultStateObservable.swift */; };
		2796B7E8238BCA5500794ED6 /* PersonListWireframe.swift in Sources */ = {isa = PBXBuildFile; fileRef = 2796B7E7238BCA5500794ED6 /* PersonListWireframe.swift */; };
		279FD038238BE19200289AD0 /* PersonListViewModelFactory.swift in Sources */ = {isa = PBXBuildFile; fileRef = 279FD037238BE19200289AD0 /* PersonListViewModelFactory.swift */; };
		279FD062238BE44100289AD0 /* PersonForm.swift in Sources */ = {isa = PBXBuildFile; fileRef = 279FD061238BE44100289AD0 /* PersonForm.swift */; };
		279FD064238BE45900289AD0 /* PersonChange.swift in Sources */ = {isa = PBXBuildFile; fileRef = 279FD063238BE45900289AD0 /* PersonChange.swift */; };
		279FD06A238BEA1F00289AD0 /* PersonErrors.swift in Sources */ = {isa = PBXBuildFile; fileRef = 279FD069238BEA1F00289AD0 /* PersonErrors.swift */; };
		279FD06C238BECD000289AD0 /* PersonFormBuilder.swift in Sources */ = {isa = PBXBuildFile; fileRef = 279FD06B238BECD000289AD0 /* PersonFormBuilder.swift */; };
		279FD06E238BF18900289AD0 /* PersonFormAPI.swift in Sources */ = {isa = PBXBuildFile; fileRef = 279FD06D238BF18900289AD0 /* PersonFormAPI.swift */; };
		27A14AA222E72B7F00491CAB /* DispatchTests.swift in Sources */ = {isa = PBXBuildFile; fileRef = 27A14AA122E72B7F00491CAB /* DispatchTests.swift */; };
		27A14B0F22E7436900491CAB /* ShareTests.swift in Sources */ = {isa = PBXBuildFile; fileRef = 27A14B0E22E7436900491CAB /* ShareTests.swift */; };
		27A14B5122E769F200491CAB /* CacheTests.swift in Sources */ = {isa = PBXBuildFile; fileRef = 27A14B5022E769F200491CAB /* CacheTests.swift */; };
		27A7937422FC593D00FF44C7 /* SingleInFlatMapTests.swift in Sources */ = {isa = PBXBuildFile; fileRef = 27A7937322FC593D00FF44C7 /* SingleInFlatMapTests.swift */; };
		27A7937622FC693000FF44C7 /* QueueDispatcherTests.swift in Sources */ = {isa = PBXBuildFile; fileRef = 27A7937522FC693000FF44C7 /* QueueDispatcherTests.swift */; };
		27A7939A22FC721700FF44C7 /* SingleZipTests.swift in Sources */ = {isa = PBXBuildFile; fileRef = 27A7939922FC721700FF44C7 /* SingleZipTests.swift */; };
		27CE5C24238A8ED900784B5B /* RawResultState.swift in Sources */ = {isa = PBXBuildFile; fileRef = 27CE5C23238A8ED900784B5B /* RawResultState.swift */; };
		27CE5C28238A8F4A00784B5B /* PersonAPI.swift in Sources */ = {isa = PBXBuildFile; fileRef = 27CE5C27238A8F4A00784B5B /* PersonAPI.swift */; };
		27CE5C2A238A8F6300784B5B /* Person.swift in Sources */ = {isa = PBXBuildFile; fileRef = 27CE5C29238A8F6300784B5B /* Person.swift */; };
		27CE5C2C238A8FF700784B5B /* PersonDetails.swift in Sources */ = {isa = PBXBuildFile; fileRef = 27CE5C2B238A8FF700784B5B /* PersonDetails.swift */; };
		27CE5C2E238A901700784B5B /* PostalAddress.swift in Sources */ = {isa = PBXBuildFile; fileRef = 27CE5C2D238A901700784B5B /* PostalAddress.swift */; };
		27CE5C30238A90C600784B5B /* AddressInfo.swift in Sources */ = {isa = PBXBuildFile; fileRef = 27CE5C2F238A90C600784B5B /* AddressInfo.swift */; };
		27CE5C32238A9E4300784B5B /* EmailAddress.swift in Sources */ = {isa = PBXBuildFile; fileRef = 27CE5C31238A9E4300784B5B /* EmailAddress.swift */; };
		27CE5C35238AABEE00784B5B /* PersonId.swift in Sources */ = {isa = PBXBuildFile; fileRef = 27CE5C34238AABEE00784B5B /* PersonId.swift */; };
		27CE5C37238AAC4F00784B5B /* UnvalidatedPerson.swift in Sources */ = {isa = PBXBuildFile; fileRef = 27CE5C36238AAC4F00784B5B /* UnvalidatedPerson.swift */; };
		27CE5C39238AAC7200784B5B /* UnvalidatedAddress.swift in Sources */ = {isa = PBXBuildFile; fileRef = 27CE5C38238AAC7200784B5B /* UnvalidatedAddress.swift */; };
		27CE5C3B238AAC9F00784B5B /* PersonValidator.swift in Sources */ = {isa = PBXBuildFile; fileRef = 27CE5C3A238AAC9F00784B5B /* PersonValidator.swift */; };
		27CE5C3D238AAF0800784B5B /* AddressValidator.swift in Sources */ = {isa = PBXBuildFile; fileRef = 27CE5C3C238AAF0800784B5B /* AddressValidator.swift */; };
		27D436DD22F981200085F1C6 /* FeedbackTests.swift in Sources */ = {isa = PBXBuildFile; fileRef = 27D436DC22F981200085F1C6 /* FeedbackTests.swift */; };
		27DA197622F98B2300DC69FC /* SchedulerTests.swift in Sources */ = {isa = PBXBuildFile; fileRef = 27DA197522F98B2300DC69FC /* SchedulerTests.swift */; };
		27E04E65238BDD4600BB1459 /* PersonListIO.swift in Sources */ = {isa = PBXBuildFile; fileRef = 27E04E64238BDD4600BB1459 /* PersonListIO.swift */; };
		27E04E67238BDD8B00BB1459 /* PersonListViewData.swift in Sources */ = {isa = PBXBuildFile; fileRef = 27E04E66238BDD8B00BB1459 /* PersonListViewData.swift */; };
		27E04E69238BDE8000BB1459 /* PersonListLocalizing.swift in Sources */ = {isa = PBXBuildFile; fileRef = 27E04E68238BDE8000BB1459 /* PersonListLocalizing.swift */; };
		27E04E6B238BDEAD00BB1459 /* StubPersonListLocalizer.swift in Sources */ = {isa = PBXBuildFile; fileRef = 27E04E6A238BDEAD00BB1459 /* StubPersonListLocalizer.swift */; };
		27E04E6D238BE04000BB1459 /* PersonListViewDataFactory.swift in Sources */ = {isa = PBXBuildFile; fileRef = 27E04E6C238BE04000BB1459 /* PersonListViewDataFactory.swift */; };
		27E1254423D8B540007CCFF1 /* ResultState.swift in Sources */ = {isa = PBXBuildFile; fileRef = 27E1254323D8B540007CCFF1 /* ResultState.swift */; };
		27E1256F23D9ADDD007CCFF1 /* ViewDataStateObservableTests.swift in Sources */ = {isa = PBXBuildFile; fileRef = 27E1256E23D9ADDD007CCFF1 /* ViewDataStateObservableTests.swift */; };
		27E73FEB22E162F7005BAAB1 /* AppDelegate.swift in Sources */ = {isa = PBXBuildFile; fileRef = 27E73FEA22E162F7005BAAB1 /* AppDelegate.swift */; };
		27E73FED22E162F7005BAAB1 /* ViewController.swift in Sources */ = {isa = PBXBuildFile; fileRef = 27E73FEC22E162F7005BAAB1 /* ViewController.swift */; };
		27E73FF022E162F7005BAAB1 /* Main.storyboard in Resources */ = {isa = PBXBuildFile; fileRef = 27E73FEE22E162F7005BAAB1 /* Main.storyboard */; };
		27E73FF222E162F9005BAAB1 /* Assets.xcassets in Resources */ = {isa = PBXBuildFile; fileRef = 27E73FF122E162F9005BAAB1 /* Assets.xcassets */; };
		27E73FF522E162F9005BAAB1 /* LaunchScreen.storyboard in Resources */ = {isa = PBXBuildFile; fileRef = 27E73FF322E162F9005BAAB1 /* LaunchScreen.storyboard */; };
		27E7400022E162F9005BAAB1 /* FunWithRxSwiftTests.swift in Sources */ = {isa = PBXBuildFile; fileRef = 27E73FFF22E162F9005BAAB1 /* FunWithRxSwiftTests.swift */; };
		27E7400B22E162F9005BAAB1 /* FunWithRxSwiftUITests.swift in Sources */ = {isa = PBXBuildFile; fileRef = 27E7400A22E162F9005BAAB1 /* FunWithRxSwiftUITests.swift */; };
		FB4F89DF514459011E555F50 /* Pods_FunWithRxSwiftTests.framework in Frameworks */ = {isa = PBXBuildFile; fileRef = 5153E3D4C4061D36D75D1DF4 /* Pods_FunWithRxSwiftTests.framework */; };
/* End PBXBuildFile section */

/* Begin PBXContainerItemProxy section */
		27E73FFC22E162F9005BAAB1 /* PBXContainerItemProxy */ = {
			isa = PBXContainerItemProxy;
			containerPortal = 27E73FDF22E162F7005BAAB1 /* Project object */;
			proxyType = 1;
			remoteGlobalIDString = 27E73FE622E162F7005BAAB1;
			remoteInfo = FunWithRxSwift;
		};
		27E7400722E162F9005BAAB1 /* PBXContainerItemProxy */ = {
			isa = PBXContainerItemProxy;
			containerPortal = 27E73FDF22E162F7005BAAB1 /* Project object */;
			proxyType = 1;
			remoteGlobalIDString = 27E73FE622E162F7005BAAB1;
			remoteInfo = FunWithRxSwift;
		};
/* End PBXContainerItemProxy section */

/* Begin PBXFileReference section */
		271648DC23DD98AE003D89EC /* Gender.swift */ = {isa = PBXFileReference; lastKnownFileType = sourcecode.swift; path = Gender.swift; sourceTree = "<group>"; };
		2734317F235341A200C8C416 /* ErrorTracker.swift */ = {isa = PBXFileReference; fileEncoding = 4; lastKnownFileType = sourcecode.swift; path = ErrorTracker.swift; sourceTree = "<group>"; };
		27343180235341A200C8C416 /* ActivityIndicator.swift */ = {isa = PBXFileReference; fileEncoding = 4; lastKnownFileType = sourcecode.swift; path = ActivityIndicator.swift; sourceTree = "<group>"; };
		27343181235341A200C8C416 /* Observable+SystemExtensions.swift */ = {isa = PBXFileReference; fileEncoding = 4; lastKnownFileType = sourcecode.swift; path = "Observable+SystemExtensions.swift"; sourceTree = "<group>"; };
		27343182235341A200C8C416 /* Feedbacks.swift */ = {isa = PBXFileReference; fileEncoding = 4; lastKnownFileType = sourcecode.swift; path = Feedbacks.swift; sourceTree = "<group>"; };
		274FACB423028ECA0081D97D /* ActivityIdicatorTests.swift */ = {isa = PBXFileReference; lastKnownFileType = sourcecode.swift; path = ActivityIdicatorTests.swift; sourceTree = "<group>"; };
		274FACB623028ED50081D97D /* ErrorTrackerTests.swift */ = {isa = PBXFileReference; lastKnownFileType = sourcecode.swift; path = ErrorTrackerTests.swift; sourceTree = "<group>"; };
		275E5DCB22F56A8F005EF354 /* LoopTests.swift */ = {isa = PBXFileReference; lastKnownFileType = sourcecode.swift; path = LoopTests.swift; sourceTree = "<group>"; };
		2769418B22F043ED00627BCB /* DebounceTests.swift */ = {isa = PBXFileReference; lastKnownFileType = sourcecode.swift; path = DebounceTests.swift; sourceTree = "<group>"; };
		276A7C3023905B9E00B0A2C8 /* ignore.swift */ = {isa = PBXFileReference; lastKnownFileType = sourcecode.swift; path = ignore.swift; sourceTree = "<group>"; };
		276A7C3223905BBD00B0A2C8 /* constant.swift */ = {isa = PBXFileReference; lastKnownFileType = sourcecode.swift; path = constant.swift; sourceTree = "<group>"; };
		276A7C3423905C1E00B0A2C8 /* FunctionalTests.swift */ = {isa = PBXFileReference; lastKnownFileType = sourcecode.swift; path = FunctionalTests.swift; sourceTree = "<group>"; };
		276A7C3623905D5C00B0A2C8 /* identity.swift */ = {isa = PBXFileReference; lastKnownFileType = sourcecode.swift; path = identity.swift; sourceTree = "<group>"; };
		276A7C382390652E00B0A2C8 /* with.swift */ = {isa = PBXFileReference; lastKnownFileType = sourcecode.swift; path = with.swift; sourceTree = "<group>"; };
		2796B7C4238BB46E00794ED6 /* ValidatedResult.swift */ = {isa = PBXFileReference; lastKnownFileType = sourcecode.swift; path = ValidatedResult.swift; sourceTree = "<group>"; };
		2796B7C6238BB4DE00794ED6 /* Result+Extensions.swift */ = {isa = PBXFileReference; lastKnownFileType = sourcecode.swift; path = "Result+Extensions.swift"; sourceTree = "<group>"; };
		2796B7CB238BB8DE00794ED6 /* PersonListViewModel.swift */ = {isa = PBXFileReference; lastKnownFileType = sourcecode.swift; path = PersonListViewModel.swift; sourceTree = "<group>"; };
		2796B7CF238BB94C00794ED6 /* PersonListObservable.swift */ = {isa = PBXFileReference; lastKnownFileType = sourcecode.swift; path = PersonListObservable.swift; sourceTree = "<group>"; };
		2796B7D3238BBE9900794ED6 /* ResultStateObservable.swift */ = {isa = PBXFileReference; lastKnownFileType = sourcecode.swift; path = ResultStateObservable.swift; sourceTree = "<group>"; };
		2796B7E7238BCA5500794ED6 /* PersonListWireframe.swift */ = {isa = PBXFileReference; lastKnownFileType = sourcecode.swift; path = PersonListWireframe.swift; sourceTree = "<group>"; };
		279FD037238BE19200289AD0 /* PersonListViewModelFactory.swift */ = {isa = PBXFileReference; lastKnownFileType = sourcecode.swift; path = PersonListViewModelFactory.swift; sourceTree = "<group>"; };
		279FD061238BE44100289AD0 /* PersonForm.swift */ = {isa = PBXFileReference; lastKnownFileType = sourcecode.swift; path = PersonForm.swift; sourceTree = "<group>"; };
		279FD063238BE45900289AD0 /* PersonChange.swift */ = {isa = PBXFileReference; lastKnownFileType = sourcecode.swift; path = PersonChange.swift; sourceTree = "<group>"; };
		279FD069238BEA1F00289AD0 /* PersonErrors.swift */ = {isa = PBXFileReference; lastKnownFileType = sourcecode.swift; path = PersonErrors.swift; sourceTree = "<group>"; };
		279FD06B238BECD000289AD0 /* PersonFormBuilder.swift */ = {isa = PBXFileReference; lastKnownFileType = sourcecode.swift; path = PersonFormBuilder.swift; sourceTree = "<group>"; };
		279FD06D238BF18900289AD0 /* PersonFormAPI.swift */ = {isa = PBXFileReference; lastKnownFileType = sourcecode.swift; path = PersonFormAPI.swift; sourceTree = "<group>"; };
		27A14AA122E72B7F00491CAB /* DispatchTests.swift */ = {isa = PBXFileReference; lastKnownFileType = sourcecode.swift; path = DispatchTests.swift; sourceTree = "<group>"; };
		27A14B0E22E7436900491CAB /* ShareTests.swift */ = {isa = PBXFileReference; lastKnownFileType = sourcecode.swift; path = ShareTests.swift; sourceTree = "<group>"; };
		27A14B5022E769F200491CAB /* CacheTests.swift */ = {isa = PBXFileReference; lastKnownFileType = sourcecode.swift; path = CacheTests.swift; sourceTree = "<group>"; };
		27A7937322FC593D00FF44C7 /* SingleInFlatMapTests.swift */ = {isa = PBXFileReference; lastKnownFileType = sourcecode.swift; path = SingleInFlatMapTests.swift; sourceTree = "<group>"; };
		27A7937522FC693000FF44C7 /* QueueDispatcherTests.swift */ = {isa = PBXFileReference; lastKnownFileType = sourcecode.swift; path = QueueDispatcherTests.swift; sourceTree = "<group>"; };
		27A7939922FC721700FF44C7 /* SingleZipTests.swift */ = {isa = PBXFileReference; lastKnownFileType = sourcecode.swift; path = SingleZipTests.swift; sourceTree = "<group>"; };
		27CE5C23238A8ED900784B5B /* RawResultState.swift */ = {isa = PBXFileReference; lastKnownFileType = sourcecode.swift; path = RawResultState.swift; sourceTree = "<group>"; };
		27CE5C27238A8F4A00784B5B /* PersonAPI.swift */ = {isa = PBXFileReference; lastKnownFileType = sourcecode.swift; path = PersonAPI.swift; sourceTree = "<group>"; };
		27CE5C29238A8F6300784B5B /* Person.swift */ = {isa = PBXFileReference; lastKnownFileType = sourcecode.swift; path = Person.swift; sourceTree = "<group>"; };
		27CE5C2B238A8FF700784B5B /* PersonDetails.swift */ = {isa = PBXFileReference; lastKnownFileType = sourcecode.swift; path = PersonDetails.swift; sourceTree = "<group>"; };
		27CE5C2D238A901700784B5B /* PostalAddress.swift */ = {isa = PBXFileReference; lastKnownFileType = sourcecode.swift; path = PostalAddress.swift; sourceTree = "<group>"; };
		27CE5C2F238A90C600784B5B /* AddressInfo.swift */ = {isa = PBXFileReference; lastKnownFileType = sourcecode.swift; path = AddressInfo.swift; sourceTree = "<group>"; };
		27CE5C31238A9E4300784B5B /* EmailAddress.swift */ = {isa = PBXFileReference; lastKnownFileType = sourcecode.swift; path = EmailAddress.swift; sourceTree = "<group>"; };
		27CE5C34238AABEE00784B5B /* PersonId.swift */ = {isa = PBXFileReference; lastKnownFileType = sourcecode.swift; path = PersonId.swift; sourceTree = "<group>"; };
		27CE5C36238AAC4F00784B5B /* UnvalidatedPerson.swift */ = {isa = PBXFileReference; lastKnownFileType = sourcecode.swift; path = UnvalidatedPerson.swift; sourceTree = "<group>"; };
		27CE5C38238AAC7200784B5B /* UnvalidatedAddress.swift */ = {isa = PBXFileReference; lastKnownFileType = sourcecode.swift; path = UnvalidatedAddress.swift; sourceTree = "<group>"; };
		27CE5C3A238AAC9F00784B5B /* PersonValidator.swift */ = {isa = PBXFileReference; lastKnownFileType = sourcecode.swift; path = PersonValidator.swift; sourceTree = "<group>"; };
		27CE5C3C238AAF0800784B5B /* AddressValidator.swift */ = {isa = PBXFileReference; lastKnownFileType = sourcecode.swift; path = AddressValidator.swift; sourceTree = "<group>"; };
		27D436DC22F981200085F1C6 /* FeedbackTests.swift */ = {isa = PBXFileReference; lastKnownFileType = sourcecode.swift; path = FeedbackTests.swift; sourceTree = "<group>"; };
		27DA197522F98B2300DC69FC /* SchedulerTests.swift */ = {isa = PBXFileReference; lastKnownFileType = sourcecode.swift; path = SchedulerTests.swift; sourceTree = "<group>"; };
		27E04E64238BDD4600BB1459 /* PersonListIO.swift */ = {isa = PBXFileReference; lastKnownFileType = sourcecode.swift; path = PersonListIO.swift; sourceTree = "<group>"; };
		27E04E66238BDD8B00BB1459 /* PersonListViewData.swift */ = {isa = PBXFileReference; lastKnownFileType = sourcecode.swift; path = PersonListViewData.swift; sourceTree = "<group>"; };
		27E04E68238BDE8000BB1459 /* PersonListLocalizing.swift */ = {isa = PBXFileReference; lastKnownFileType = sourcecode.swift; path = PersonListLocalizing.swift; sourceTree = "<group>"; };
		27E04E6A238BDEAD00BB1459 /* StubPersonListLocalizer.swift */ = {isa = PBXFileReference; lastKnownFileType = sourcecode.swift; path = StubPersonListLocalizer.swift; sourceTree = "<group>"; };
		27E04E6C238BE04000BB1459 /* PersonListViewDataFactory.swift */ = {isa = PBXFileReference; lastKnownFileType = sourcecode.swift; path = PersonListViewDataFactory.swift; sourceTree = "<group>"; };
		27E1254323D8B540007CCFF1 /* ResultState.swift */ = {isa = PBXFileReference; lastKnownFileType = sourcecode.swift; path = ResultState.swift; sourceTree = "<group>"; };
		27E1256E23D9ADDD007CCFF1 /* ViewDataStateObservableTests.swift */ = {isa = PBXFileReference; lastKnownFileType = sourcecode.swift; path = ViewDataStateObservableTests.swift; sourceTree = "<group>"; };
		27E73FE722E162F7005BAAB1 /* FunWithRxSwift.app */ = {isa = PBXFileReference; explicitFileType = wrapper.application; includeInIndex = 0; path = FunWithRxSwift.app; sourceTree = BUILT_PRODUCTS_DIR; };
		27E73FEA22E162F7005BAAB1 /* AppDelegate.swift */ = {isa = PBXFileReference; lastKnownFileType = sourcecode.swift; path = AppDelegate.swift; sourceTree = "<group>"; };
		27E73FEC22E162F7005BAAB1 /* ViewController.swift */ = {isa = PBXFileReference; lastKnownFileType = sourcecode.swift; path = ViewController.swift; sourceTree = "<group>"; };
		27E73FEF22E162F7005BAAB1 /* Base */ = {isa = PBXFileReference; lastKnownFileType = file.storyboard; name = Base; path = Base.lproj/Main.storyboard; sourceTree = "<group>"; };
		27E73FF122E162F9005BAAB1 /* Assets.xcassets */ = {isa = PBXFileReference; lastKnownFileType = folder.assetcatalog; path = Assets.xcassets; sourceTree = "<group>"; };
		27E73FF422E162F9005BAAB1 /* Base */ = {isa = PBXFileReference; lastKnownFileType = file.storyboard; name = Base; path = Base.lproj/LaunchScreen.storyboard; sourceTree = "<group>"; };
		27E73FF622E162F9005BAAB1 /* Info.plist */ = {isa = PBXFileReference; lastKnownFileType = text.plist.xml; path = Info.plist; sourceTree = "<group>"; };
		27E73FFB22E162F9005BAAB1 /* FunWithRxSwiftTests.xctest */ = {isa = PBXFileReference; explicitFileType = wrapper.cfbundle; includeInIndex = 0; path = FunWithRxSwiftTests.xctest; sourceTree = BUILT_PRODUCTS_DIR; };
		27E73FFF22E162F9005BAAB1 /* FunWithRxSwiftTests.swift */ = {isa = PBXFileReference; lastKnownFileType = sourcecode.swift; path = FunWithRxSwiftTests.swift; sourceTree = "<group>"; };
		27E7400122E162F9005BAAB1 /* Info.plist */ = {isa = PBXFileReference; lastKnownFileType = text.plist.xml; path = Info.plist; sourceTree = "<group>"; };
		27E7400622E162F9005BAAB1 /* FunWithRxSwiftUITests.xctest */ = {isa = PBXFileReference; explicitFileType = wrapper.cfbundle; includeInIndex = 0; path = FunWithRxSwiftUITests.xctest; sourceTree = BUILT_PRODUCTS_DIR; };
		27E7400A22E162F9005BAAB1 /* FunWithRxSwiftUITests.swift */ = {isa = PBXFileReference; lastKnownFileType = sourcecode.swift; path = FunWithRxSwiftUITests.swift; sourceTree = "<group>"; };
		27E7400C22E162F9005BAAB1 /* Info.plist */ = {isa = PBXFileReference; lastKnownFileType = text.plist.xml; path = Info.plist; sourceTree = "<group>"; };
		39E8E9FD8434DCA15388CC49 /* Pods_FunWithRxSwift.framework */ = {isa = PBXFileReference; explicitFileType = wrapper.framework; includeInIndex = 0; path = Pods_FunWithRxSwift.framework; sourceTree = BUILT_PRODUCTS_DIR; };
		5153E3D4C4061D36D75D1DF4 /* Pods_FunWithRxSwiftTests.framework */ = {isa = PBXFileReference; explicitFileType = wrapper.framework; includeInIndex = 0; path = Pods_FunWithRxSwiftTests.framework; sourceTree = BUILT_PRODUCTS_DIR; };
		61250B9FA1114E98B0407D87 /* Pods-FunWithRxSwiftTests.release.xcconfig */ = {isa = PBXFileReference; includeInIndex = 1; lastKnownFileType = text.xcconfig; name = "Pods-FunWithRxSwiftTests.release.xcconfig"; path = "Target Support Files/Pods-FunWithRxSwiftTests/Pods-FunWithRxSwiftTests.release.xcconfig"; sourceTree = "<group>"; };
		6A480FCDC2FB8CCF7456F800 /* Pods-FunWithRxSwift.debug.xcconfig */ = {isa = PBXFileReference; includeInIndex = 1; lastKnownFileType = text.xcconfig; name = "Pods-FunWithRxSwift.debug.xcconfig"; path = "Target Support Files/Pods-FunWithRxSwift/Pods-FunWithRxSwift.debug.xcconfig"; sourceTree = "<group>"; };
		C8B3FE660BB072D2CD2B0EC1 /* Pods-FunWithRxSwift.release.xcconfig */ = {isa = PBXFileReference; includeInIndex = 1; lastKnownFileType = text.xcconfig; name = "Pods-FunWithRxSwift.release.xcconfig"; path = "Target Support Files/Pods-FunWithRxSwift/Pods-FunWithRxSwift.release.xcconfig"; sourceTree = "<group>"; };
		CAB09560F714C5282D667031 /* Pods-FunWithRxSwiftTests.debug.xcconfig */ = {isa = PBXFileReference; includeInIndex = 1; lastKnownFileType = text.xcconfig; name = "Pods-FunWithRxSwiftTests.debug.xcconfig"; path = "Target Support Files/Pods-FunWithRxSwiftTests/Pods-FunWithRxSwiftTests.debug.xcconfig"; sourceTree = "<group>"; };
/* End PBXFileReference section */

/* Begin PBXFrameworksBuildPhase section */
		27E73FE422E162F7005BAAB1 /* Frameworks */ = {
			isa = PBXFrameworksBuildPhase;
			buildActionMask = 2147483647;
			files = (
				12876C5EC898182EDBFB140C /* Pods_FunWithRxSwift.framework in Frameworks */,
			);
			runOnlyForDeploymentPostprocessing = 0;
		};
		27E73FF822E162F9005BAAB1 /* Frameworks */ = {
			isa = PBXFrameworksBuildPhase;
			buildActionMask = 2147483647;
			files = (
				FB4F89DF514459011E555F50 /* Pods_FunWithRxSwiftTests.framework in Frameworks */,
			);
			runOnlyForDeploymentPostprocessing = 0;
		};
		27E7400322E162F9005BAAB1 /* Frameworks */ = {
			isa = PBXFrameworksBuildPhase;
			buildActionMask = 2147483647;
			files = (
			);
			runOnlyForDeploymentPostprocessing = 0;
		};
/* End PBXFrameworksBuildPhase section */

/* Begin PBXGroup section */
		271648DB23DD9850003D89EC /* Details */ = {
			isa = PBXGroup;
			children = (
				27CE5C2B238A8FF700784B5B /* PersonDetails.swift */,
				27CE5C2F238A90C600784B5B /* AddressInfo.swift */,
				27CE5C38238AAC7200784B5B /* UnvalidatedAddress.swift */,
				27CE5C2D238A901700784B5B /* PostalAddress.swift */,
				27CE5C31238A9E4300784B5B /* EmailAddress.swift */,
				27CE5C3C238AAF0800784B5B /* AddressValidator.swift */,
			);
			path = Details;
			sourceTree = "<group>";
		};
		271648DE23DD9BAC003D89EC /* UI */ = {
			isa = PBXGroup;
			children = (
			);
			path = UI;
			sourceTree = "<group>";
		};
		276A7C2F23905B8D00B0A2C8 /* Functional */ = {
			isa = PBXGroup;
			children = (
				276A7C3023905B9E00B0A2C8 /* ignore.swift */,
				276A7C3223905BBD00B0A2C8 /* constant.swift */,
				276A7C3623905D5C00B0A2C8 /* identity.swift */,
				276A7C382390652E00B0A2C8 /* with.swift */,
			);
			path = Functional;
			sourceTree = "<group>";
		};
		2796B79D238BB41200794ED6 /* Commons */ = {
			isa = PBXGroup;
			children = (
				27CE5C23238A8ED900784B5B /* RawResultState.swift */,
				27E1254323D8B540007CCFF1 /* ResultState.swift */,
				2796B7D3238BBE9900794ED6 /* ResultStateObservable.swift */,
				2796B7C4238BB46E00794ED6 /* ValidatedResult.swift */,
				2796B7C6238BB4DE00794ED6 /* Result+Extensions.swift */,
			);
			path = Commons;
			sourceTree = "<group>";
		};
		2796B7C8238BB8A200794ED6 /* Presentation */ = {
			isa = PBXGroup;
			children = (
				27E04E61238BDC2600BB1459 /* TestDoubles */,
				2796B7C9238BB8B500794ED6 /* List */,
			);
			path = Presentation;
			sourceTree = "<group>";
		};
		2796B7C9238BB8B500794ED6 /* List */ = {
			isa = PBXGroup;
			children = (
				27E04E6E238BE05800BB1459 /* ViewData */,
				27E04E64238BDD4600BB1459 /* PersonListIO.swift */,
				27E04E68238BDE8000BB1459 /* PersonListLocalizing.swift */,
				2796B7CF238BB94C00794ED6 /* PersonListObservable.swift */,
				2796B7CB238BB8DE00794ED6 /* PersonListViewModel.swift */,
				2796B7E7238BCA5500794ED6 /* PersonListWireframe.swift */,
				279FD037238BE19200289AD0 /* PersonListViewModelFactory.swift */,
			);
			path = List;
			sourceTree = "<group>";
		};
		279FD060238BE41E00289AD0 /* Form */ = {
			isa = PBXGroup;
			children = (
				279FD061238BE44100289AD0 /* PersonForm.swift */,
				279FD06B238BECD000289AD0 /* PersonFormBuilder.swift */,
				279FD063238BE45900289AD0 /* PersonChange.swift */,
				279FD069238BEA1F00289AD0 /* PersonErrors.swift */,
			);
			path = Form;
			sourceTree = "<group>";
		};
		27CE5C25238A8F3D00784B5B /* Person */ = {
			isa = PBXGroup;
			children = (
				271648DE23DD9BAC003D89EC /* UI */,
				2796B7C8238BB8A200794ED6 /* Presentation */,
				27CE5C26238A8F4300784B5B /* API */,
			);
			path = Person;
			sourceTree = "<group>";
		};
		27CE5C26238A8F4300784B5B /* API */ = {
			isa = PBXGroup;
			children = (
				279FD060238BE41E00289AD0 /* Form */,
				27CE5C33238AABE000784B5B /* Domain */,
				27CE5C27238A8F4A00784B5B /* PersonAPI.swift */,
				279FD06D238BF18900289AD0 /* PersonFormAPI.swift */,
			);
			path = API;
			sourceTree = "<group>";
		};
		27CE5C33238AABE000784B5B /* Domain */ = {
			isa = PBXGroup;
			children = (
				271648DB23DD9850003D89EC /* Details */,
				27CE5C34238AABEE00784B5B /* PersonId.swift */,
				27CE5C29238A8F6300784B5B /* Person.swift */,
				271648DC23DD98AE003D89EC /* Gender.swift */,
				27CE5C36238AAC4F00784B5B /* UnvalidatedPerson.swift */,
				27CE5C3A238AAC9F00784B5B /* PersonValidator.swift */,
			);
			path = Domain;
			sourceTree = "<group>";
		};
		27D436DE22F9815C0085F1C6 /* External */ = {
			isa = PBXGroup;
			children = (
				27343180235341A200C8C416 /* ActivityIndicator.swift */,
				2734317F235341A200C8C416 /* ErrorTracker.swift */,
				27343182235341A200C8C416 /* Feedbacks.swift */,
				27343181235341A200C8C416 /* Observable+SystemExtensions.swift */,
			);
			path = External;
			sourceTree = "<group>";
		};
		27E04E61238BDC2600BB1459 /* TestDoubles */ = {
			isa = PBXGroup;
			children = (
				27E04E6A238BDEAD00BB1459 /* StubPersonListLocalizer.swift */,
			);
			path = TestDoubles;
			sourceTree = "<group>";
		};
		27E04E6E238BE05800BB1459 /* ViewData */ = {
			isa = PBXGroup;
			children = (
				27E04E66238BDD8B00BB1459 /* PersonListViewData.swift */,
				27E04E6C238BE04000BB1459 /* PersonListViewDataFactory.swift */,
			);
			path = ViewData;
			sourceTree = "<group>";
		};
		27E73FDE22E162F7005BAAB1 = {
			isa = PBXGroup;
			children = (
				27E73FE922E162F7005BAAB1 /* FunWithRxSwift */,
				27E73FFE22E162F9005BAAB1 /* FunWithRxSwiftTests */,
				27E7400922E162F9005BAAB1 /* FunWithRxSwiftUITests */,
				27E73FE822E162F7005BAAB1 /* Products */,
				7CAF245372723DE0793D6511 /* Pods */,
				65CD317608A5E57009E1B874 /* Frameworks */,
			);
			sourceTree = "<group>";
		};
		27E73FE822E162F7005BAAB1 /* Products */ = {
			isa = PBXGroup;
			children = (
				27E73FE722E162F7005BAAB1 /* FunWithRxSwift.app */,
				27E73FFB22E162F9005BAAB1 /* FunWithRxSwiftTests.xctest */,
				27E7400622E162F9005BAAB1 /* FunWithRxSwiftUITests.xctest */,
			);
			name = Products;
			sourceTree = "<group>";
		};
		27E73FE922E162F7005BAAB1 /* FunWithRxSwift */ = {
			isa = PBXGroup;
			children = (
				276A7C2F23905B8D00B0A2C8 /* Functional */,
				2796B79D238BB41200794ED6 /* Commons */,
				27CE5C25238A8F3D00784B5B /* Person */,
				27D436DE22F9815C0085F1C6 /* External */,
				27E73FEA22E162F7005BAAB1 /* AppDelegate.swift */,
				27E73FEC22E162F7005BAAB1 /* ViewController.swift */,
				27E73FEE22E162F7005BAAB1 /* Main.storyboard */,
				27E73FF122E162F9005BAAB1 /* Assets.xcassets */,
				27E73FF322E162F9005BAAB1 /* LaunchScreen.storyboard */,
				27E73FF622E162F9005BAAB1 /* Info.plist */,
			);
			path = FunWithRxSwift;
			sourceTree = "<group>";
		};
		27E73FFE22E162F9005BAAB1 /* FunWithRxSwiftTests */ = {
			isa = PBXGroup;
			children = (
				27E1256E23D9ADDD007CCFF1 /* ViewDataStateObservableTests.swift */,
				276A7C3423905C1E00B0A2C8 /* FunctionalTests.swift */,
				274FACB423028ECA0081D97D /* ActivityIdicatorTests.swift */,
				274FACB623028ED50081D97D /* ErrorTrackerTests.swift */,
				27A7939922FC721700FF44C7 /* SingleZipTests.swift */,
				27A7937522FC693000FF44C7 /* QueueDispatcherTests.swift */,
				27A7937322FC593D00FF44C7 /* SingleInFlatMapTests.swift */,
				27D436DC22F981200085F1C6 /* FeedbackTests.swift */,
				27DA197522F98B2300DC69FC /* SchedulerTests.swift */,
				2769418B22F043ED00627BCB /* DebounceTests.swift */,
				27A14B5022E769F200491CAB /* CacheTests.swift */,
				27A14B0E22E7436900491CAB /* ShareTests.swift */,
				27A14AA122E72B7F00491CAB /* DispatchTests.swift */,
				27E73FFF22E162F9005BAAB1 /* FunWithRxSwiftTests.swift */,
				275E5DCB22F56A8F005EF354 /* LoopTests.swift */,
				27E7400122E162F9005BAAB1 /* Info.plist */,
			);
			path = FunWithRxSwiftTests;
			sourceTree = "<group>";
		};
		27E7400922E162F9005BAAB1 /* FunWithRxSwiftUITests */ = {
			isa = PBXGroup;
			children = (
				27E7400A22E162F9005BAAB1 /* FunWithRxSwiftUITests.swift */,
				27E7400C22E162F9005BAAB1 /* Info.plist */,
			);
			path = FunWithRxSwiftUITests;
			sourceTree = "<group>";
		};
		65CD317608A5E57009E1B874 /* Frameworks */ = {
			isa = PBXGroup;
			children = (
				39E8E9FD8434DCA15388CC49 /* Pods_FunWithRxSwift.framework */,
				5153E3D4C4061D36D75D1DF4 /* Pods_FunWithRxSwiftTests.framework */,
			);
			name = Frameworks;
			sourceTree = "<group>";
		};
		7CAF245372723DE0793D6511 /* Pods */ = {
			isa = PBXGroup;
			children = (
				6A480FCDC2FB8CCF7456F800 /* Pods-FunWithRxSwift.debug.xcconfig */,
				C8B3FE660BB072D2CD2B0EC1 /* Pods-FunWithRxSwift.release.xcconfig */,
				CAB09560F714C5282D667031 /* Pods-FunWithRxSwiftTests.debug.xcconfig */,
				61250B9FA1114E98B0407D87 /* Pods-FunWithRxSwiftTests.release.xcconfig */,
			);
			name = Pods;
			path = ../Pods;
			sourceTree = "<group>";
		};
/* End PBXGroup section */

/* Begin PBXNativeTarget section */
		27E73FE622E162F7005BAAB1 /* FunWithRxSwift */ = {
			isa = PBXNativeTarget;
			buildConfigurationList = 27E7400F22E162F9005BAAB1 /* Build configuration list for PBXNativeTarget "FunWithRxSwift" */;
			buildPhases = (
				E77B36DE21239C95120D4C21 /* [CP] Check Pods Manifest.lock */,
				27E73FE322E162F7005BAAB1 /* Sources */,
				27E73FE422E162F7005BAAB1 /* Frameworks */,
				27E73FE522E162F7005BAAB1 /* Resources */,
				F0BC9EF32F9029B584DC8658 /* [CP] Embed Pods Frameworks */,
			);
			buildRules = (
			);
			dependencies = (
			);
			name = FunWithRxSwift;
			productName = FunWithRxSwift;
			productReference = 27E73FE722E162F7005BAAB1 /* FunWithRxSwift.app */;
			productType = "com.apple.product-type.application";
		};
		27E73FFA22E162F9005BAAB1 /* FunWithRxSwiftTests */ = {
			isa = PBXNativeTarget;
			buildConfigurationList = 27E7401222E162F9005BAAB1 /* Build configuration list for PBXNativeTarget "FunWithRxSwiftTests" */;
			buildPhases = (
				F4B7B077E2DB759CB090C77D /* [CP] Check Pods Manifest.lock */,
				27E73FF722E162F9005BAAB1 /* Sources */,
				27E73FF822E162F9005BAAB1 /* Frameworks */,
				27E73FF922E162F9005BAAB1 /* Resources */,
				049D13BB235FF75B6F529C17 /* [CP] Embed Pods Frameworks */,
			);
			buildRules = (
			);
			dependencies = (
				27E73FFD22E162F9005BAAB1 /* PBXTargetDependency */,
			);
			name = FunWithRxSwiftTests;
			productName = FunWithRxSwiftTests;
			productReference = 27E73FFB22E162F9005BAAB1 /* FunWithRxSwiftTests.xctest */;
			productType = "com.apple.product-type.bundle.unit-test";
		};
		27E7400522E162F9005BAAB1 /* FunWithRxSwiftUITests */ = {
			isa = PBXNativeTarget;
			buildConfigurationList = 27E7401522E162F9005BAAB1 /* Build configuration list for PBXNativeTarget "FunWithRxSwiftUITests" */;
			buildPhases = (
				27E7400222E162F9005BAAB1 /* Sources */,
				27E7400322E162F9005BAAB1 /* Frameworks */,
				27E7400422E162F9005BAAB1 /* Resources */,
			);
			buildRules = (
			);
			dependencies = (
				27E7400822E162F9005BAAB1 /* PBXTargetDependency */,
			);
			name = FunWithRxSwiftUITests;
			productName = FunWithRxSwiftUITests;
			productReference = 27E7400622E162F9005BAAB1 /* FunWithRxSwiftUITests.xctest */;
			productType = "com.apple.product-type.bundle.ui-testing";
		};
/* End PBXNativeTarget section */

/* Begin PBXProject section */
		27E73FDF22E162F7005BAAB1 /* Project object */ = {
			isa = PBXProject;
			attributes = {
				LastSwiftUpdateCheck = 1010;
				LastUpgradeCheck = 1010;
				ORGANIZATIONNAME = "Joachim Kret";
				TargetAttributes = {
					27E73FE622E162F7005BAAB1 = {
						CreatedOnToolsVersion = 10.1;
					};
					27E73FFA22E162F9005BAAB1 = {
						CreatedOnToolsVersion = 10.1;
						TestTargetID = 27E73FE622E162F7005BAAB1;
					};
					27E7400522E162F9005BAAB1 = {
						CreatedOnToolsVersion = 10.1;
						TestTargetID = 27E73FE622E162F7005BAAB1;
					};
				};
			};
			buildConfigurationList = 27E73FE222E162F7005BAAB1 /* Build configuration list for PBXProject "FunWithRxSwift" */;
			compatibilityVersion = "Xcode 9.3";
			developmentRegion = en;
			hasScannedForEncodings = 0;
			knownRegions = (
				en,
				Base,
			);
			mainGroup = 27E73FDE22E162F7005BAAB1;
			productRefGroup = 27E73FE822E162F7005BAAB1 /* Products */;
			projectDirPath = "";
			projectRoot = "";
			targets = (
				27E73FE622E162F7005BAAB1 /* FunWithRxSwift */,
				27E73FFA22E162F9005BAAB1 /* FunWithRxSwiftTests */,
				27E7400522E162F9005BAAB1 /* FunWithRxSwiftUITests */,
			);
		};
/* End PBXProject section */

/* Begin PBXResourcesBuildPhase section */
		27E73FE522E162F7005BAAB1 /* Resources */ = {
			isa = PBXResourcesBuildPhase;
			buildActionMask = 2147483647;
			files = (
				27E73FF522E162F9005BAAB1 /* LaunchScreen.storyboard in Resources */,
				27E73FF222E162F9005BAAB1 /* Assets.xcassets in Resources */,
				27E73FF022E162F7005BAAB1 /* Main.storyboard in Resources */,
			);
			runOnlyForDeploymentPostprocessing = 0;
		};
		27E73FF922E162F9005BAAB1 /* Resources */ = {
			isa = PBXResourcesBuildPhase;
			buildActionMask = 2147483647;
			files = (
			);
			runOnlyForDeploymentPostprocessing = 0;
		};
		27E7400422E162F9005BAAB1 /* Resources */ = {
			isa = PBXResourcesBuildPhase;
			buildActionMask = 2147483647;
			files = (
			);
			runOnlyForDeploymentPostprocessing = 0;
		};
/* End PBXResourcesBuildPhase section */

/* Begin PBXShellScriptBuildPhase section */
		049D13BB235FF75B6F529C17 /* [CP] Embed Pods Frameworks */ = {
			isa = PBXShellScriptBuildPhase;
			buildActionMask = 2147483647;
			files = (
			);
			inputFileListPaths = (
				"${PODS_ROOT}/Target Support Files/Pods-FunWithRxSwiftTests/Pods-FunWithRxSwiftTests-frameworks-${CONFIGURATION}-input-files.xcfilelist",
			);
			name = "[CP] Embed Pods Frameworks";
			outputFileListPaths = (
				"${PODS_ROOT}/Target Support Files/Pods-FunWithRxSwiftTests/Pods-FunWithRxSwiftTests-frameworks-${CONFIGURATION}-output-files.xcfilelist",
			);
			runOnlyForDeploymentPostprocessing = 0;
			shellPath = /bin/sh;
			shellScript = "\"${PODS_ROOT}/Target Support Files/Pods-FunWithRxSwiftTests/Pods-FunWithRxSwiftTests-frameworks.sh\"\n";
			showEnvVarsInLog = 0;
		};
		E77B36DE21239C95120D4C21 /* [CP] Check Pods Manifest.lock */ = {
			isa = PBXShellScriptBuildPhase;
			buildActionMask = 2147483647;
			files = (
			);
			inputFileListPaths = (
			);
			inputPaths = (
				"${PODS_PODFILE_DIR_PATH}/Podfile.lock",
				"${PODS_ROOT}/Manifest.lock",
			);
			name = "[CP] Check Pods Manifest.lock";
			outputFileListPaths = (
			);
			outputPaths = (
				"$(DERIVED_FILE_DIR)/Pods-FunWithRxSwift-checkManifestLockResult.txt",
			);
			runOnlyForDeploymentPostprocessing = 0;
			shellPath = /bin/sh;
			shellScript = "diff \"${PODS_PODFILE_DIR_PATH}/Podfile.lock\" \"${PODS_ROOT}/Manifest.lock\" > /dev/null\nif [ $? != 0 ] ; then\n    # print error to STDERR\n    echo \"error: The sandbox is not in sync with the Podfile.lock. Run 'pod install' or update your CocoaPods installation.\" >&2\n    exit 1\nfi\n# This output is used by Xcode 'outputs' to avoid re-running this script phase.\necho \"SUCCESS\" > \"${SCRIPT_OUTPUT_FILE_0}\"\n";
			showEnvVarsInLog = 0;
		};
		F0BC9EF32F9029B584DC8658 /* [CP] Embed Pods Frameworks */ = {
			isa = PBXShellScriptBuildPhase;
			buildActionMask = 2147483647;
			files = (
			);
			inputFileListPaths = (
				"${PODS_ROOT}/Target Support Files/Pods-FunWithRxSwift/Pods-FunWithRxSwift-frameworks-${CONFIGURATION}-input-files.xcfilelist",
			);
			name = "[CP] Embed Pods Frameworks";
			outputFileListPaths = (
				"${PODS_ROOT}/Target Support Files/Pods-FunWithRxSwift/Pods-FunWithRxSwift-frameworks-${CONFIGURATION}-output-files.xcfilelist",
			);
			runOnlyForDeploymentPostprocessing = 0;
			shellPath = /bin/sh;
			shellScript = "\"${PODS_ROOT}/Target Support Files/Pods-FunWithRxSwift/Pods-FunWithRxSwift-frameworks.sh\"\n";
			showEnvVarsInLog = 0;
		};
		F4B7B077E2DB759CB090C77D /* [CP] Check Pods Manifest.lock */ = {
			isa = PBXShellScriptBuildPhase;
			buildActionMask = 2147483647;
			files = (
			);
			inputFileListPaths = (
			);
			inputPaths = (
				"${PODS_PODFILE_DIR_PATH}/Podfile.lock",
				"${PODS_ROOT}/Manifest.lock",
			);
			name = "[CP] Check Pods Manifest.lock";
			outputFileListPaths = (
			);
			outputPaths = (
				"$(DERIVED_FILE_DIR)/Pods-FunWithRxSwiftTests-checkManifestLockResult.txt",
			);
			runOnlyForDeploymentPostprocessing = 0;
			shellPath = /bin/sh;
			shellScript = "diff \"${PODS_PODFILE_DIR_PATH}/Podfile.lock\" \"${PODS_ROOT}/Manifest.lock\" > /dev/null\nif [ $? != 0 ] ; then\n    # print error to STDERR\n    echo \"error: The sandbox is not in sync with the Podfile.lock. Run 'pod install' or update your CocoaPods installation.\" >&2\n    exit 1\nfi\n# This output is used by Xcode 'outputs' to avoid re-running this script phase.\necho \"SUCCESS\" > \"${SCRIPT_OUTPUT_FILE_0}\"\n";
			showEnvVarsInLog = 0;
		};
/* End PBXShellScriptBuildPhase section */

/* Begin PBXSourcesBuildPhase section */
		27E73FE322E162F7005BAAB1 /* Sources */ = {
			isa = PBXSourcesBuildPhase;
			buildActionMask = 2147483647;
			files = (
				27343184235341A300C8C416 /* ActivityIndicator.swift in Sources */,
				27CE5C35238AABEE00784B5B /* PersonId.swift in Sources */,
				2796B7CC238BB8DE00794ED6 /* PersonListViewModel.swift in Sources */,
				27CE5C37238AAC4F00784B5B /* UnvalidatedPerson.swift in Sources */,
				27E04E65238BDD4600BB1459 /* PersonListIO.swift in Sources */,
				276A7C392390652E00B0A2C8 /* with.swift in Sources */,
				27E04E67238BDD8B00BB1459 /* PersonListViewData.swift in Sources */,
				27CE5C24238A8ED900784B5B /* RawResultState.swift in Sources */,
				271648DD23DD98AE003D89EC /* Gender.swift in Sources */,
				27E04E69238BDE8000BB1459 /* PersonListLocalizing.swift in Sources */,
				279FD06A238BEA1F00289AD0 /* PersonErrors.swift in Sources */,
				279FD064238BE45900289AD0 /* PersonChange.swift in Sources */,
				2796B7C7238BB4DE00794ED6 /* Result+Extensions.swift in Sources */,
				27E04E6D238BE04000BB1459 /* PersonListViewDataFactory.swift in Sources */,
				27E73FED22E162F7005BAAB1 /* ViewController.swift in Sources */,
				2796B7C5238BB46E00794ED6 /* ValidatedResult.swift in Sources */,
				27E1254423D8B540007CCFF1 /* ResultState.swift in Sources */,
				2796B7E8238BCA5500794ED6 /* PersonListWireframe.swift in Sources */,
				276A7C3323905BBD00B0A2C8 /* constant.swift in Sources */,
				27CE5C3D238AAF0800784B5B /* AddressValidator.swift in Sources */,
				27E04E6B238BDEAD00BB1459 /* StubPersonListLocalizer.swift in Sources */,
				27CE5C28238A8F4A00784B5B /* PersonAPI.swift in Sources */,
				27343186235341A300C8C416 /* Feedbacks.swift in Sources */,
				279FD038238BE19200289AD0 /* PersonListViewModelFactory.swift in Sources */,
				27343183235341A300C8C416 /* ErrorTracker.swift in Sources */,
				276A7C3123905B9E00B0A2C8 /* ignore.swift in Sources */,
				27CE5C2A238A8F6300784B5B /* Person.swift in Sources */,
				276A7C3723905D5C00B0A2C8 /* identity.swift in Sources */,
				279FD062238BE44100289AD0 /* PersonForm.swift in Sources */,
				279FD06C238BECD000289AD0 /* PersonFormBuilder.swift in Sources */,
				27343185235341A300C8C416 /* Observable+SystemExtensions.swift in Sources */,
				279FD06E238BF18900289AD0 /* PersonFormAPI.swift in Sources */,
				27CE5C39238AAC7200784B5B /* UnvalidatedAddress.swift in Sources */,
				27E73FEB22E162F7005BAAB1 /* AppDelegate.swift in Sources */,
				27CE5C2E238A901700784B5B /* PostalAddress.swift in Sources */,
				27CE5C30238A90C600784B5B /* AddressInfo.swift in Sources */,
				2796B7D4238BBE9900794ED6 /* ResultStateObservable.swift in Sources */,
				27CE5C2C238A8FF700784B5B /* PersonDetails.swift in Sources */,
				27CE5C3B238AAC9F00784B5B /* PersonValidator.swift in Sources */,
				2796B7D0238BB94C00794ED6 /* PersonListObservable.swift in Sources */,
				27CE5C32238A9E4300784B5B /* EmailAddress.swift in Sources */,
			);
			runOnlyForDeploymentPostprocessing = 0;
		};
		27E73FF722E162F9005BAAB1 /* Sources */ = {
			isa = PBXSourcesBuildPhase;
			buildActionMask = 2147483647;
			files = (
				27A14B0F22E7436900491CAB /* ShareTests.swift in Sources */,
				274FACB723028ED50081D97D /* ErrorTrackerTests.swift in Sources */,
				274FACB523028ECA0081D97D /* ActivityIdicatorTests.swift in Sources */,
				27DA197622F98B2300DC69FC /* SchedulerTests.swift in Sources */,
				27A14AA222E72B7F00491CAB /* DispatchTests.swift in Sources */,
				27A14B5122E769F200491CAB /* CacheTests.swift in Sources */,
				275E5DCC22F56A8F005EF354 /* LoopTests.swift in Sources */,
				27E7400022E162F9005BAAB1 /* FunWithRxSwiftTests.swift in Sources */,
				2769418C22F043ED00627BCB /* DebounceTests.swift in Sources */,
				27D436DD22F981200085F1C6 /* FeedbackTests.swift in Sources */,
				27A7937622FC693000FF44C7 /* QueueDispatcherTests.swift in Sources */,
				27A7937422FC593D00FF44C7 /* SingleInFlatMapTests.swift in Sources */,
				276A7C3523905C1E00B0A2C8 /* FunctionalTests.swift in Sources */,
				27E1256F23D9ADDD007CCFF1 /* ViewDataStateObservableTests.swift in Sources */,
				27A7939A22FC721700FF44C7 /* SingleZipTests.swift in Sources */,
			);
			runOnlyForDeploymentPostprocessing = 0;
		};
		27E7400222E162F9005BAAB1 /* Sources */ = {
			isa = PBXSourcesBuildPhase;
			buildActionMask = 2147483647;
			files = (
				27E7400B22E162F9005BAAB1 /* FunWithRxSwiftUITests.swift in Sources */,
			);
			runOnlyForDeploymentPostprocessing = 0;
		};
/* End PBXSourcesBuildPhase section */

/* Begin PBXTargetDependency section */
		27E73FFD22E162F9005BAAB1 /* PBXTargetDependency */ = {
			isa = PBXTargetDependency;
			target = 27E73FE622E162F7005BAAB1 /* FunWithRxSwift */;
			targetProxy = 27E73FFC22E162F9005BAAB1 /* PBXContainerItemProxy */;
		};
		27E7400822E162F9005BAAB1 /* PBXTargetDependency */ = {
			isa = PBXTargetDependency;
			target = 27E73FE622E162F7005BAAB1 /* FunWithRxSwift */;
			targetProxy = 27E7400722E162F9005BAAB1 /* PBXContainerItemProxy */;
		};
/* End PBXTargetDependency section */

/* Begin PBXVariantGroup section */
		27E73FEE22E162F7005BAAB1 /* Main.storyboard */ = {
			isa = PBXVariantGroup;
			children = (
				27E73FEF22E162F7005BAAB1 /* Base */,
			);
			name = Main.storyboard;
			sourceTree = "<group>";
		};
		27E73FF322E162F9005BAAB1 /* LaunchScreen.storyboard */ = {
			isa = PBXVariantGroup;
			children = (
				27E73FF422E162F9005BAAB1 /* Base */,
			);
			name = LaunchScreen.storyboard;
			sourceTree = "<group>";
		};
/* End PBXVariantGroup section */

/* Begin XCBuildConfiguration section */
		27E7400D22E162F9005BAAB1 /* Debug */ = {
			isa = XCBuildConfiguration;
			buildSettings = {
				ALWAYS_SEARCH_USER_PATHS = NO;
				CLANG_ANALYZER_NONNULL = YES;
				CLANG_ANALYZER_NUMBER_OBJECT_CONVERSION = YES_AGGRESSIVE;
				CLANG_CXX_LANGUAGE_STANDARD = "gnu++14";
				CLANG_CXX_LIBRARY = "libc++";
				CLANG_ENABLE_MODULES = YES;
				CLANG_ENABLE_OBJC_ARC = YES;
				CLANG_ENABLE_OBJC_WEAK = YES;
				CLANG_WARN_BLOCK_CAPTURE_AUTORELEASING = YES;
				CLANG_WARN_BOOL_CONVERSION = YES;
				CLANG_WARN_COMMA = YES;
				CLANG_WARN_CONSTANT_CONVERSION = YES;
				CLANG_WARN_DEPRECATED_OBJC_IMPLEMENTATIONS = YES;
				CLANG_WARN_DIRECT_OBJC_ISA_USAGE = YES_ERROR;
				CLANG_WARN_DOCUMENTATION_COMMENTS = YES;
				CLANG_WARN_EMPTY_BODY = YES;
				CLANG_WARN_ENUM_CONVERSION = YES;
				CLANG_WARN_INFINITE_RECURSION = YES;
				CLANG_WARN_INT_CONVERSION = YES;
				CLANG_WARN_NON_LITERAL_NULL_CONVERSION = YES;
				CLANG_WARN_OBJC_IMPLICIT_RETAIN_SELF = YES;
				CLANG_WARN_OBJC_LITERAL_CONVERSION = YES;
				CLANG_WARN_OBJC_ROOT_CLASS = YES_ERROR;
				CLANG_WARN_RANGE_LOOP_ANALYSIS = YES;
				CLANG_WARN_STRICT_PROTOTYPES = YES;
				CLANG_WARN_SUSPICIOUS_MOVE = YES;
				CLANG_WARN_UNGUARDED_AVAILABILITY = YES_AGGRESSIVE;
				CLANG_WARN_UNREACHABLE_CODE = YES;
				CLANG_WARN__DUPLICATE_METHOD_MATCH = YES;
				CODE_SIGN_IDENTITY = "iPhone Developer";
				COPY_PHASE_STRIP = NO;
				DEBUG_INFORMATION_FORMAT = dwarf;
				ENABLE_STRICT_OBJC_MSGSEND = YES;
				ENABLE_TESTABILITY = YES;
				GCC_C_LANGUAGE_STANDARD = gnu11;
				GCC_DYNAMIC_NO_PIC = NO;
				GCC_NO_COMMON_BLOCKS = YES;
				GCC_OPTIMIZATION_LEVEL = 0;
				GCC_PREPROCESSOR_DEFINITIONS = (
					"DEBUG=1",
					"$(inherited)",
				);
				GCC_WARN_64_TO_32_BIT_CONVERSION = YES;
				GCC_WARN_ABOUT_RETURN_TYPE = YES_ERROR;
				GCC_WARN_UNDECLARED_SELECTOR = YES;
				GCC_WARN_UNINITIALIZED_AUTOS = YES_AGGRESSIVE;
				GCC_WARN_UNUSED_FUNCTION = YES;
				GCC_WARN_UNUSED_VARIABLE = YES;
				IPHONEOS_DEPLOYMENT_TARGET = 12.0;
				MTL_ENABLE_DEBUG_INFO = INCLUDE_SOURCE;
				MTL_FAST_MATH = YES;
				ONLY_ACTIVE_ARCH = YES;
				SDKROOT = iphoneos;
				SWIFT_ACTIVE_COMPILATION_CONDITIONS = DEBUG;
				SWIFT_OPTIMIZATION_LEVEL = "-Onone";
			};
			name = Debug;
		};
		27E7400E22E162F9005BAAB1 /* Release */ = {
			isa = XCBuildConfiguration;
			buildSettings = {
				ALWAYS_SEARCH_USER_PATHS = NO;
				CLANG_ANALYZER_NONNULL = YES;
				CLANG_ANALYZER_NUMBER_OBJECT_CONVERSION = YES_AGGRESSIVE;
				CLANG_CXX_LANGUAGE_STANDARD = "gnu++14";
				CLANG_CXX_LIBRARY = "libc++";
				CLANG_ENABLE_MODULES = YES;
				CLANG_ENABLE_OBJC_ARC = YES;
				CLANG_ENABLE_OBJC_WEAK = YES;
				CLANG_WARN_BLOCK_CAPTURE_AUTORELEASING = YES;
				CLANG_WARN_BOOL_CONVERSION = YES;
				CLANG_WARN_COMMA = YES;
				CLANG_WARN_CONSTANT_CONVERSION = YES;
				CLANG_WARN_DEPRECATED_OBJC_IMPLEMENTATIONS = YES;
				CLANG_WARN_DIRECT_OBJC_ISA_USAGE = YES_ERROR;
				CLANG_WARN_DOCUMENTATION_COMMENTS = YES;
				CLANG_WARN_EMPTY_BODY = YES;
				CLANG_WARN_ENUM_CONVERSION = YES;
				CLANG_WARN_INFINITE_RECURSION = YES;
				CLANG_WARN_INT_CONVERSION = YES;
				CLANG_WARN_NON_LITERAL_NULL_CONVERSION = YES;
				CLANG_WARN_OBJC_IMPLICIT_RETAIN_SELF = YES;
				CLANG_WARN_OBJC_LITERAL_CONVERSION = YES;
				CLANG_WARN_OBJC_ROOT_CLASS = YES_ERROR;
				CLANG_WARN_RANGE_LOOP_ANALYSIS = YES;
				CLANG_WARN_STRICT_PROTOTYPES = YES;
				CLANG_WARN_SUSPICIOUS_MOVE = YES;
				CLANG_WARN_UNGUARDED_AVAILABILITY = YES_AGGRESSIVE;
				CLANG_WARN_UNREACHABLE_CODE = YES;
				CLANG_WARN__DUPLICATE_METHOD_MATCH = YES;
				CODE_SIGN_IDENTITY = "iPhone Developer";
				COPY_PHASE_STRIP = NO;
				DEBUG_INFORMATION_FORMAT = "dwarf-with-dsym";
				ENABLE_NS_ASSERTIONS = NO;
				ENABLE_STRICT_OBJC_MSGSEND = YES;
				GCC_C_LANGUAGE_STANDARD = gnu11;
				GCC_NO_COMMON_BLOCKS = YES;
				GCC_WARN_64_TO_32_BIT_CONVERSION = YES;
				GCC_WARN_ABOUT_RETURN_TYPE = YES_ERROR;
				GCC_WARN_UNDECLARED_SELECTOR = YES;
				GCC_WARN_UNINITIALIZED_AUTOS = YES_AGGRESSIVE;
				GCC_WARN_UNUSED_FUNCTION = YES;
				GCC_WARN_UNUSED_VARIABLE = YES;
				IPHONEOS_DEPLOYMENT_TARGET = 12.0;
				MTL_ENABLE_DEBUG_INFO = NO;
				MTL_FAST_MATH = YES;
				SDKROOT = iphoneos;
				SWIFT_COMPILATION_MODE = wholemodule;
				SWIFT_OPTIMIZATION_LEVEL = "-O";
				VALIDATE_PRODUCT = YES;
			};
			name = Release;
		};
		27E7401022E162F9005BAAB1 /* Debug */ = {
			isa = XCBuildConfiguration;
			baseConfigurationReference = 6A480FCDC2FB8CCF7456F800 /* Pods-FunWithRxSwift.debug.xcconfig */;
			buildSettings = {
				ASSETCATALOG_COMPILER_APPICON_NAME = AppIcon;
				CODE_SIGN_STYLE = Automatic;
				INFOPLIST_FILE = FunWithRxSwift/Info.plist;
				LD_RUNPATH_SEARCH_PATHS = (
					"$(inherited)",
					"@executable_path/Frameworks",
				);
				PRODUCT_BUNDLE_IDENTIFIER = JK.FunWithRxSwift;
				PRODUCT_NAME = "$(TARGET_NAME)";
				SWIFT_VERSION = 4.2;
				TARGETED_DEVICE_FAMILY = "1,2";
			};
			name = Debug;
		};
		27E7401122E162F9005BAAB1 /* Release */ = {
			isa = XCBuildConfiguration;
			baseConfigurationReference = C8B3FE660BB072D2CD2B0EC1 /* Pods-FunWithRxSwift.release.xcconfig */;
			buildSettings = {
				ASSETCATALOG_COMPILER_APPICON_NAME = AppIcon;
				CODE_SIGN_STYLE = Automatic;
				INFOPLIST_FILE = FunWithRxSwift/Info.plist;
				LD_RUNPATH_SEARCH_PATHS = (
					"$(inherited)",
					"@executable_path/Frameworks",
				);
				PRODUCT_BUNDLE_IDENTIFIER = JK.FunWithRxSwift;
				PRODUCT_NAME = "$(TARGET_NAME)";
				SWIFT_VERSION = 4.2;
				TARGETED_DEVICE_FAMILY = "1,2";
			};
			name = Release;
		};
		27E7401322E162F9005BAAB1 /* Debug */ = {
			isa = XCBuildConfiguration;
			baseConfigurationReference = CAB09560F714C5282D667031 /* Pods-FunWithRxSwiftTests.debug.xcconfig */;
			buildSettings = {
				BUNDLE_LOADER = "$(TEST_HOST)";
				CODE_SIGN_STYLE = Automatic;
				INFOPLIST_FILE = FunWithRxSwiftTests/Info.plist;
				LD_RUNPATH_SEARCH_PATHS = (
					"$(inherited)",
					"@executable_path/Frameworks",
					"@loader_path/Frameworks",
				);
				PRODUCT_BUNDLE_IDENTIFIER = JK.FunWithRxSwiftTests;
				PRODUCT_NAME = "$(TARGET_NAME)";
				SWIFT_VERSION = 4.2;
				TARGETED_DEVICE_FAMILY = "1,2";
				TEST_HOST = "$(BUILT_PRODUCTS_DIR)/FunWithRxSwift.app/FunWithRxSwift";
			};
			name = Debug;
		};
		27E7401422E162F9005BAAB1 /* Release */ = {
			isa = XCBuildConfiguration;
			baseConfigurationReference = 61250B9FA1114E98B0407D87 /* Pods-FunWithRxSwiftTests.release.xcconfig */;
			buildSettings = {
				BUNDLE_LOADER = "$(TEST_HOST)";
				CODE_SIGN_STYLE = Automatic;
				INFOPLIST_FILE = FunWithRxSwiftTests/Info.plist;
				LD_RUNPATH_SEARCH_PATHS = (
					"$(inherited)",
					"@executable_path/Frameworks",
					"@loader_path/Frameworks",
				);
				PRODUCT_BUNDLE_IDENTIFIER = JK.FunWithRxSwiftTests;
				PRODUCT_NAME = "$(TARGET_NAME)";
				SWIFT_VERSION = 4.2;
				TARGETED_DEVICE_FAMILY = "1,2";
				TEST_HOST = "$(BUILT_PRODUCTS_DIR)/FunWithRxSwift.app/FunWithRxSwift";
			};
			name = Release;
		};
		27E7401622E162F9005BAAB1 /* Debug */ = {
			isa = XCBuildConfiguration;
			buildSettings = {
				ALWAYS_EMBED_SWIFT_STANDARD_LIBRARIES = YES;
				CODE_SIGN_STYLE = Automatic;
				INFOPLIST_FILE = FunWithRxSwiftUITests/Info.plist;
				LD_RUNPATH_SEARCH_PATHS = (
					"$(inherited)",
					"@executable_path/Frameworks",
					"@loader_path/Frameworks",
				);
				PRODUCT_BUNDLE_IDENTIFIER = JK.FunWithRxSwiftUITests;
				PRODUCT_NAME = "$(TARGET_NAME)";
				SWIFT_VERSION = 4.2;
				TARGETED_DEVICE_FAMILY = "1,2";
				TEST_TARGET_NAME = FunWithRxSwift;
			};
			name = Debug;
		};
		27E7401722E162F9005BAAB1 /* Release */ = {
			isa = XCBuildConfiguration;
			buildSettings = {
				ALWAYS_EMBED_SWIFT_STANDARD_LIBRARIES = YES;
				CODE_SIGN_STYLE = Automatic;
				INFOPLIST_FILE = FunWithRxSwiftUITests/Info.plist;
				LD_RUNPATH_SEARCH_PATHS = (
					"$(inherited)",
					"@executable_path/Frameworks",
					"@loader_path/Frameworks",
				);
				PRODUCT_BUNDLE_IDENTIFIER = JK.FunWithRxSwiftUITests;
				PRODUCT_NAME = "$(TARGET_NAME)";
				SWIFT_VERSION = 4.2;
				TARGETED_DEVICE_FAMILY = "1,2";
				TEST_TARGET_NAME = FunWithRxSwift;
			};
			name = Release;
		};
/* End XCBuildConfiguration section */

/* Begin XCConfigurationList section */
		27E73FE222E162F7005BAAB1 /* Build configuration list for PBXProject "FunWithRxSwift" */ = {
			isa = XCConfigurationList;
			buildConfigurations = (
				27E7400D22E162F9005BAAB1 /* Debug */,
				27E7400E22E162F9005BAAB1 /* Release */,
			);
			defaultConfigurationIsVisible = 0;
			defaultConfigurationName = Release;
		};
		27E7400F22E162F9005BAAB1 /* Build configuration list for PBXNativeTarget "FunWithRxSwift" */ = {
			isa = XCConfigurationList;
			buildConfigurations = (
				27E7401022E162F9005BAAB1 /* Debug */,
				27E7401122E162F9005BAAB1 /* Release */,
			);
			defaultConfigurationIsVisible = 0;
			defaultConfigurationName = Release;
		};
		27E7401222E162F9005BAAB1 /* Build configuration list for PBXNativeTarget "FunWithRxSwiftTests" */ = {
			isa = XCConfigurationList;
			buildConfigurations = (
				27E7401322E162F9005BAAB1 /* Debug */,
				27E7401422E162F9005BAAB1 /* Release */,
			);
			defaultConfigurationIsVisible = 0;
			defaultConfigurationName = Release;
		};
		27E7401522E162F9005BAAB1 /* Build configuration list for PBXNativeTarget "FunWithRxSwiftUITests" */ = {
			isa = XCConfigurationList;
			buildConfigurations = (
				27E7401622E162F9005BAAB1 /* Debug */,
				27E7401722E162F9005BAAB1 /* Release */,
			);
			defaultConfigurationIsVisible = 0;
			defaultConfigurationName = Release;
		};
/* End XCConfigurationList section */
	};
	rootObject = 27E73FDF22E162F7005BAAB1 /* Project object */;
}
